
Microsoft Visual Studio Solution File, Format Version 12.00
# Visual Studio Version 16
VisualStudioVersion = 16.0.28729.10
MinimumVisualStudioVersion = 10.0.40219.1
Project("{FAE04EC0-301F-11D3-BF4B-00C04F79EFBC}") = "WPFBasics", "WPFBasics\WPFBasics.csproj", "{43C503D8-A53E-4173-80EC-032E481045BE}"
EndProject
Global
	GlobalSection(SolutionConfigurationPlatforms) = preSolution
		Debug|Any CPU = Debug|Any CPU
		Release|Any CPU = Release|Any CPU
	EndGlobalSection
	GlobalSection(ProjectConfigurationPlatforms) = postSolution
		{43C503D8-A53E-4173-80EC-032E481045BE}.Debug|Any CPU.ActiveCfg = Debug|Any CPU
		{43C503D8-A53E-4173-80EC-032E481045BE}.Debug|Any CPU.Build.0 = Debug|Any CPU
		{43C503D8-A53E-4173-80EC-032E481045BE}.Release|Any CPU.ActiveCfg = Release|Any CPU
		{43C503D8-A53E-4173-80EC-032E481045BE}.Release|Any CPU.Build.0 = Release|Any CPU
	EndGlobalSection
	GlobalSection(SolutionProperties) = preSolution
		HideSolutionNode = FALSE
	EndGlobalSection
	GlobalSection(ExtensibilityGlobals) = postSolution
		SolutionGuid = {D6B1D1E3-4B60-4587-B673-1FCB50E4279C}
	EndGlobalSection
EndGlobal
